
Microsoft Visual Studio Solution File, Format Version 12.00
Project("{FAE04EC0-301F-11D3-BF4B-00C04F79EFBC}") = "SmallProjects", "SmallProjects\SmallProjects.csproj", "{4EA29360-1F5A-40F7-B5DC-19D76119571D}"
EndProject
Project("{FAE04EC0-301F-11D3-BF4B-00C04F79EFBC}") = "LifoApp", "LifoApp\LifoApp.csproj", "{13442251-153F-4301-8517-D75683891C58}"
EndProject
Global
	GlobalSection(SolutionConfigurationPlatforms) = preSolution
		Debug|Any CPU = Debug|Any CPU
		Release|Any CPU = Release|Any CPU
	EndGlobalSection
	GlobalSection(ProjectConfigurationPlatforms) = postSolution
		{4EA29360-1F5A-40F7-B5DC-19D76119571D}.Debug|Any CPU.ActiveCfg = Debug|Any CPU
		{4EA29360-1F5A-40F7-B5DC-19D76119571D}.Debug|Any CPU.Build.0 = Debug|Any CPU
		{4EA29360-1F5A-40F7-B5DC-19D76119571D}.Release|Any CPU.ActiveCfg = Release|Any CPU
		{4EA29360-1F5A-40F7-B5DC-19D76119571D}.Release|Any CPU.Build.0 = Release|Any CPU
		{13442251-153F-4301-8517-D75683891C58}.Debug|Any CPU.ActiveCfg = Debug|Any CPU
		{13442251-153F-4301-8517-D75683891C58}.Debug|Any CPU.Build.0 = Debug|Any CPU
		{13442251-153F-4301-8517-D75683891C58}.Release|Any CPU.ActiveCfg = Release|Any CPU
		{13442251-153F-4301-8517-D75683891C58}.Release|Any CPU.Build.0 = Release|Any CPU
	EndGlobalSection
EndGlobal
